
Microsoft Visual Studio Solution File, Format Version 12.00
# Visual Studio Version 17
VisualStudioVersion = 17.11.35327.3
MinimumVisualStudioVersion = 10.0.40219.1
Project("{FAE04EC0-301F-11D3-BF4B-00C04F79EFBC}") = "MauiAppMinhasCompras", "MauiAppMinhasCompras\MauiAppMinhasCompras.csproj", "{9522A220-09AC-46DE-B92D-82CB5BC08D17}"
EndProject
Global
	GlobalSection(SolutionConfigurationPlatforms) = preSolution
		Debug|Any CPU = Debug|Any CPU
		Release|Any CPU = Release|Any CPU
	EndGlobalSection
	GlobalSection(ProjectConfigurationPlatforms) = postSolution
		{9522A220-09AC-46DE-B92D-82CB5BC08D17}.Debug|Any CPU.ActiveCfg = Debug|Any CPU
		{9522A220-09AC-46DE-B92D-82CB5BC08D17}.Debug|Any CPU.Build.0 = Debug|Any CPU
		{9522A220-09AC-46DE-B92D-82CB5BC08D17}.Debug|Any CPU.Deploy.0 = Debug|Any CPU
		{9522A220-09AC-46DE-B92D-82CB5BC08D17}.Release|Any CPU.ActiveCfg = Release|Any CPU
		{9522A220-09AC-46DE-B92D-82CB5BC08D17}.Release|Any CPU.Build.0 = Release|Any CPU
		{9522A220-09AC-46DE-B92D-82CB5BC08D17}.Release|Any CPU.Deploy.0 = Release|Any CPU
	EndGlobalSection
	GlobalSection(SolutionProperties) = preSolution
		HideSolutionNode = FALSE
	EndGlobalSection
	GlobalSection(ExtensibilityGlobals) = postSolution
		SolutionGuid = {4E631471-F7A7-466B-A8B2-D7AFC26C993E}
	EndGlobalSection
EndGlobal
